
Microsoft Visual Studio Solution File, Format Version 12.00
# Visual Studio Version 17
VisualStudioVersion = 17.2.32526.322
MinimumVisualStudioVersion = 10.0.40219.1
Project("{FAE04EC0-301F-11D3-BF4B-00C04F79EFBC}") = "Demofile", "Demofile\Demofile.csproj", "{F370B3FC-487E-4C93-9A36-BBDC2FC2FB93}"
EndProject
Global
	GlobalSection(SolutionConfigurationPlatforms) = preSolution
		Debug|Any CPU = Debug|Any CPU
		Release|Any CPU = Release|Any CPU
	EndGlobalSection
	GlobalSection(ProjectConfigurationPlatforms) = postSolution
		{F370B3FC-487E-4C93-9A36-BBDC2FC2FB93}.Debug|Any CPU.ActiveCfg = Debug|Any CPU
		{F370B3FC-487E-4C93-9A36-BBDC2FC2FB93}.Debug|Any CPU.Build.0 = Debug|Any CPU
		{F370B3FC-487E-4C93-9A36-BBDC2FC2FB93}.Release|Any CPU.ActiveCfg = Release|Any CPU
		{F370B3FC-487E-4C93-9A36-BBDC2FC2FB93}.Release|Any CPU.Build.0 = Release|Any CPU
	EndGlobalSection
	GlobalSection(SolutionProperties) = preSolution
		HideSolutionNode = FALSE
	EndGlobalSection
	GlobalSection(ExtensibilityGlobals) = postSolution
		SolutionGuid = {2BEFF3B1-F9DD-4CA7-8E49-7EBAC5A1D18A}
	EndGlobalSection
EndGlobal
